// !$*UTF8*$!
{
	archiveVersion = 1;
	classes = {
	};
	objectVersion = 50;
	objects = {

/* Begin PBXBuildFile section */
		0405B86825F74EA000405C27 /* NECourseInfoTextExpendView.m in Sources */ = {isa = PBXBuildFile; fileRef = 0405B86625F74EA000405C27 /* NECourseInfoTextExpendView.m */; };
		046E8BD325E1F1AC00505039 /* AppDelegate.m in Sources */ = {isa = PBXBuildFile; fileRef = 046E8BD225E1F1AC00505039 /* AppDelegate.m */; };
		046E8BD625E1F1AC00505039 /* SceneDelegate.m in Sources */ = {isa = PBXBuildFile; fileRef = 046E8BD525E1F1AC00505039 /* SceneDelegate.m */; };
		046E8BD925E1F1AC00505039 /* ViewController.m in Sources */ = {isa = PBXBuildFile; fileRef = 046E8BD825E1F1AC00505039 /* ViewController.m */; };
		046E8BDC25E1F1AC00505039 /* Main.storyboard in Resources */ = {isa = PBXBuildFile; fileRef = 046E8BDA25E1F1AC00505039 /* Main.storyboard */; };
		046E8BDE25E1F1AE00505039 /* Assets.xcassets in Resources */ = {isa = PBXBuildFile; fileRef = 046E8BDD25E1F1AE00505039 /* Assets.xcassets */; };
		046E8BE125E1F1AE00505039 /* LaunchScreen.storyboard in Resources */ = {isa = PBXBuildFile; fileRef = 046E8BDF25E1F1AE00505039 /* LaunchScreen.storyboard */; };
		046E8BE425E1F1AE00505039 /* main.m in Sources */ = {isa = PBXBuildFile; fileRef = 046E8BE325E1F1AE00505039 /* main.m */; };
		046E8BEE25E1F1AE00505039 /* ZHanKaiAndShouQITests.m in Sources */ = {isa = PBXBuildFile; fileRef = 046E8BED25E1F1AE00505039 /* ZHanKaiAndShouQITests.m */; };
		046E8BF925E1F1AE00505039 /* ZHanKaiAndShouQIUITests.m in Sources */ = {isa = PBXBuildFile; fileRef = 046E8BF825E1F1AE00505039 /* ZHanKaiAndShouQIUITests.m */; };
		04EFCBF225E2BDA10005ACBA /* NETextPackAndExpendView.m in Sources */ = {isa = PBXBuildFile; fileRef = 04EFCBF125E2BDA10005ACBA /* NETextPackAndExpendView.m */; };
		04EFCBF925E2C98A0005ACBA /* TestTableViewController.m in Sources */ = {isa = PBXBuildFile; fileRef = 04EFCBF725E2C98A0005ACBA /* TestTableViewController.m */; };
		04EFCBFA25E2C98A0005ACBA /* TestTableViewController.xib in Resources */ = {isa = PBXBuildFile; fileRef = 04EFCBF825E2C98A0005ACBA /* TestTableViewController.xib */; };
		04EFCC0125E2CACB0005ACBA /* TestViewController.m in Sources */ = {isa = PBXBuildFile; fileRef = 04EFCBFF25E2CACB0005ACBA /* TestViewController.m */; };
		04EFCC0225E2CACB0005ACBA /* TestViewController.xib in Resources */ = {isa = PBXBuildFile; fileRef = 04EFCC0025E2CACB0005ACBA /* TestViewController.xib */; };
		F44F641D257D20DCC673AB88 /* libPods-ZHanKaiAndShouQI.a in Frameworks */ = {isa = PBXBuildFile; fileRef = 2F3516964D7284CD0B16DB7C /* libPods-ZHanKaiAndShouQI.a */; };
/* End PBXBuildFile section */

/* Begin PBXContainerItemProxy section */
		046E8BEA25E1F1AE00505039 /* PBXContainerItemProxy */ = {
			isa = PBXContainerItemProxy;
			containerPortal = 046E8BC625E1F1AC00505039 /* Project object */;
			proxyType = 1;
			remoteGlobalIDString = 046E8BCD25E1F1AC00505039;
			remoteInfo = ZHanKaiAndShouQI;
		};
		046E8BF525E1F1AE00505039 /* PBXContainerItemProxy */ = {
			isa = PBXContainerItemProxy;
			containerPortal = 046E8BC625E1F1AC00505039 /* Project object */;
			proxyType = 1;
			remoteGlobalIDString = 046E8BCD25E1F1AC00505039;
			remoteInfo = ZHanKaiAndShouQI;
		};
/* End PBXContainerItemProxy section */

/* Begin PBXFileReference section */
		0405B86625F74EA000405C27 /* NECourseInfoTextExpendView.m */ = {isa = PBXFileReference; fileEncoding = 4; lastKnownFileType = sourcecode.c.objc; path = NECourseInfoTextExpendView.m; sourceTree = "<group>"; };
		0405B86725F74EA000405C27 /* NECourseInfoTextExpendView.h */ = {isa = PBXFileReference; fileEncoding = 4; lastKnownFileType = sourcecode.c.h; path = NECourseInfoTextExpendView.h; sourceTree = "<group>"; };
		0405B86C25F7543600405C27 /* TextEpendMacro.h */ = {isa = PBXFileReference; lastKnownFileType = sourcecode.c.h; path = TextEpendMacro.h; sourceTree = "<group>"; };
		046E8BCE25E1F1AC00505039 /* ZHanKaiAndShouQI.app */ = {isa = PBXFileReference; explicitFileType = wrapper.application; includeInIndex = 0; path = ZHanKaiAndShouQI.app; sourceTree = BUILT_PRODUCTS_DIR; };
		046E8BD125E1F1AC00505039 /* AppDelegate.h */ = {isa = PBXFileReference; lastKnownFileType = sourcecode.c.h; path = AppDelegate.h; sourceTree = "<group>"; };
		046E8BD225E1F1AC00505039 /* AppDelegate.m */ = {isa = PBXFileReference; lastKnownFileType = sourcecode.c.objc; path = AppDelegate.m; sourceTree = "<group>"; };
		046E8BD425E1F1AC00505039 /* SceneDelegate.h */ = {isa = PBXFileReference; lastKnownFileType = sourcecode.c.h; path = SceneDelegate.h; sourceTree = "<group>"; };
		046E8BD525E1F1AC00505039 /* SceneDelegate.m */ = {isa = PBXFileReference; lastKnownFileType = sourcecode.c.objc; path = SceneDelegate.m; sourceTree = "<group>"; };
		046E8BD725E1F1AC00505039 /* ViewController.h */ = {isa = PBXFileReference; lastKnownFileType = sourcecode.c.h; path = ViewController.h; sourceTree = "<group>"; };
		046E8BD825E1F1AC00505039 /* ViewController.m */ = {isa = PBXFileReference; lastKnownFileType = sourcecode.c.objc; path = ViewController.m; sourceTree = "<group>"; };
		046E8BDB25E1F1AC00505039 /* Base */ = {isa = PBXFileReference; lastKnownFileType = file.storyboard; name = Base; path = Base.lproj/Main.storyboard; sourceTree = "<group>"; };
		046E8BDD25E1F1AE00505039 /* Assets.xcassets */ = {isa = PBXFileReference; lastKnownFileType = folder.assetcatalog; path = Assets.xcassets; sourceTree = "<group>"; };
		046E8BE025E1F1AE00505039 /* Base */ = {isa = PBXFileReference; lastKnownFileType = file.storyboard; name = Base; path = Base.lproj/LaunchScreen.storyboard; sourceTree = "<group>"; };
		046E8BE225E1F1AE00505039 /* Info.plist */ = {isa = PBXFileReference; lastKnownFileType = text.plist.xml; path = Info.plist; sourceTree = "<group>"; };
		046E8BE325E1F1AE00505039 /* main.m */ = {isa = PBXFileReference; lastKnownFileType = sourcecode.c.objc; path = main.m; sourceTree = "<group>"; };
		046E8BE925E1F1AE00505039 /* ZHanKaiAndShouQITests.xctest */ = {isa = PBXFileReference; explicitFileType = wrapper.cfbundle; includeInIndex = 0; path = ZHanKaiAndShouQITests.xctest; sourceTree = BUILT_PRODUCTS_DIR; };
		046E8BED25E1F1AE00505039 /* ZHanKaiAndShouQITests.m */ = {isa = PBXFileReference; lastKnownFileType = sourcecode.c.objc; path = ZHanKaiAndShouQITests.m; sourceTree = "<group>"; };
		046E8BEF25E1F1AE00505039 /* Info.plist */ = {isa = PBXFileReference; lastKnownFileType = text.plist.xml; path = Info.plist; sourceTree = "<group>"; };
		046E8BF425E1F1AE00505039 /* ZHanKaiAndShouQIUITests.xctest */ = {isa = PBXFileReference; explicitFileType = wrapper.cfbundle; includeInIndex = 0; path = ZHanKaiAndShouQIUITests.xctest; sourceTree = BUILT_PRODUCTS_DIR; };
		046E8BF825E1F1AE00505039 /* ZHanKaiAndShouQIUITests.m */ = {isa = PBXFileReference; lastKnownFileType = sourcecode.c.objc; path = ZHanKaiAndShouQIUITests.m; sourceTree = "<group>"; };
		046E8BFA25E1F1AE00505039 /* Info.plist */ = {isa = PBXFileReference; lastKnownFileType = text.plist.xml; path = Info.plist; sourceTree = "<group>"; };
		04EFCBF025E2BDA10005ACBA /* NETextPackAndExpendView.h */ = {isa = PBXFileReference; lastKnownFileType = sourcecode.c.h; path = NETextPackAndExpendView.h; sourceTree = "<group>"; };
		04EFCBF125E2BDA10005ACBA /* NETextPackAndExpendView.m */ = {isa = PBXFileReference; lastKnownFileType = sourcecode.c.objc; path = NETextPackAndExpendView.m; sourceTree = "<group>"; };
		04EFCBF625E2C98A0005ACBA /* TestTableViewController.h */ = {isa = PBXFileReference; lastKnownFileType = sourcecode.c.h; path = TestTableViewController.h; sourceTree = "<group>"; };
		04EFCBF725E2C98A0005ACBA /* TestTableViewController.m */ = {isa = PBXFileReference; lastKnownFileType = sourcecode.c.objc; path = TestTableViewController.m; sourceTree = "<group>"; };
		04EFCBF825E2C98A0005ACBA /* TestTableViewController.xib */ = {isa = PBXFileReference; lastKnownFileType = file.xib; path = TestTableViewController.xib; sourceTree = "<group>"; };
		04EFCBFE25E2CACB0005ACBA /* TestViewController.h */ = {isa = PBXFileReference; lastKnownFileType = sourcecode.c.h; path = TestViewController.h; sourceTree = "<group>"; };
		04EFCBFF25E2CACB0005ACBA /* TestViewController.m */ = {isa = PBXFileReference; lastKnownFileType = sourcecode.c.objc; path = TestViewController.m; sourceTree = "<group>"; };
		04EFCC0025E2CACB0005ACBA /* TestViewController.xib */ = {isa = PBXFileReference; lastKnownFileType = file.xib; path = TestViewController.xib; sourceTree = "<group>"; };
		2F3516964D7284CD0B16DB7C /* libPods-ZHanKaiAndShouQI.a */ = {isa = PBXFileReference; explicitFileType = archive.ar; includeInIndex = 0; path = "libPods-ZHanKaiAndShouQI.a"; sourceTree = BUILT_PRODUCTS_DIR; };
		7388FC7D5D3BDD1B4F13A72A /* Pods-ZHanKaiAndShouQI.debug.xcconfig */ = {isa = PBXFileReference; includeInIndex = 1; lastKnownFileType = text.xcconfig; name = "Pods-ZHanKaiAndShouQI.debug.xcconfig"; path = "Target Support Files/Pods-ZHanKaiAndShouQI/Pods-ZHanKaiAndShouQI.debug.xcconfig"; sourceTree = "<group>"; };
		C88A6B3021FB8FB5F58F8324 /* Pods-ZHanKaiAndShouQI.release.xcconfig */ = {isa = PBXFileReference; includeInIndex = 1; lastKnownFileType = text.xcconfig; name = "Pods-ZHanKaiAndShouQI.release.xcconfig"; path = "Target Support Files/Pods-ZHanKaiAndShouQI/Pods-ZHanKaiAndShouQI.release.xcconfig"; sourceTree = "<group>"; };
/* End PBXFileReference section */

/* Begin PBXFrameworksBuildPhase section */
		046E8BCB25E1F1AC00505039 /* Frameworks */ = {
			isa = PBXFrameworksBuildPhase;
			buildActionMask = 2147483647;
			files = (
				F44F641D257D20DCC673AB88 /* libPods-ZHanKaiAndShouQI.a in Frameworks */,
			);
			runOnlyForDeploymentPostprocessing = 0;
		};
		046E8BE625E1F1AE00505039 /* Frameworks */ = {
			isa = PBXFrameworksBuildPhase;
			buildActionMask = 2147483647;
			files = (
			);
			runOnlyForDeploymentPostprocessing = 0;
		};
		046E8BF125E1F1AE00505039 /* Frameworks */ = {
			isa = PBXFrameworksBuildPhase;
			buildActionMask = 2147483647;
			files = (
			);
			runOnlyForDeploymentPostprocessing = 0;
		};
/* End PBXFrameworksBuildPhase section */

/* Begin PBXGroup section */
		046E8BC525E1F1AC00505039 = {
			isa = PBXGroup;
			children = (
				046E8BD025E1F1AC00505039 /* ZHanKaiAndShouQI */,
				046E8BEC25E1F1AE00505039 /* ZHanKaiAndShouQITests */,
				046E8BF725E1F1AE00505039 /* ZHanKaiAndShouQIUITests */,
				046E8BCF25E1F1AC00505039 /* Products */,
				8D138E97628C935106C137AE /* Pods */,
				BA24C6D1BC23728A57DB4B28 /* Frameworks */,
			);
			sourceTree = "<group>";
		};
		046E8BCF25E1F1AC00505039 /* Products */ = {
			isa = PBXGroup;
			children = (
				046E8BCE25E1F1AC00505039 /* ZHanKaiAndShouQI.app */,
				046E8BE925E1F1AE00505039 /* ZHanKaiAndShouQITests.xctest */,
				046E8BF425E1F1AE00505039 /* ZHanKaiAndShouQIUITests.xctest */,
			);
			name = Products;
			sourceTree = "<group>";
		};
		046E8BD025E1F1AC00505039 /* ZHanKaiAndShouQI */ = {
			isa = PBXGroup;
			children = (
				0405B86725F74EA000405C27 /* NECourseInfoTextExpendView.h */,
				0405B86625F74EA000405C27 /* NECourseInfoTextExpendView.m */,
				046E8BD125E1F1AC00505039 /* AppDelegate.h */,
				046E8BD225E1F1AC00505039 /* AppDelegate.m */,
				046E8BD425E1F1AC00505039 /* SceneDelegate.h */,
				046E8BD525E1F1AC00505039 /* SceneDelegate.m */,
				046E8BD725E1F1AC00505039 /* ViewController.h */,
				046E8BD825E1F1AC00505039 /* ViewController.m */,
				04EFCBFE25E2CACB0005ACBA /* TestViewController.h */,
				04EFCBFF25E2CACB0005ACBA /* TestViewController.m */,
				04EFCC0025E2CACB0005ACBA /* TestViewController.xib */,
				04EFCBF625E2C98A0005ACBA /* TestTableViewController.h */,
				04EFCBF725E2C98A0005ACBA /* TestTableViewController.m */,
				04EFCBF825E2C98A0005ACBA /* TestTableViewController.xib */,
				04EFCBF025E2BDA10005ACBA /* NETextPackAndExpendView.h */,
				04EFCBF125E2BDA10005ACBA /* NETextPackAndExpendView.m */,
				046E8BDA25E1F1AC00505039 /* Main.storyboard */,
				046E8BDD25E1F1AE00505039 /* Assets.xcassets */,
				046E8BDF25E1F1AE00505039 /* LaunchScreen.storyboard */,
				046E8BE225E1F1AE00505039 /* Info.plist */,
				046E8BE325E1F1AE00505039 /* main.m */,
				0405B86C25F7543600405C27 /* TextEpendMacro.h */,
			);
			path = ZHanKaiAndShouQI;
			sourceTree = "<group>";
		};
		046E8BEC25E1F1AE00505039 /* ZHanKaiAndShouQITests */ = {
			isa = PBXGroup;
			children = (
				046E8BED25E1F1AE00505039 /* ZHanKaiAndShouQITests.m */,
				046E8BEF25E1F1AE00505039 /* Info.plist */,
			);
			path = ZHanKaiAndShouQITests;
			sourceTree = "<group>";
		};
		046E8BF725E1F1AE00505039 /* ZHanKaiAndShouQIUITests */ = {
			isa = PBXGroup;
			children = (
				046E8BF825E1F1AE00505039 /* ZHanKaiAndShouQIUITests.m */,
				046E8BFA25E1F1AE00505039 /* Info.plist */,
			);
			path = ZHanKaiAndShouQIUITests;
			sourceTree = "<group>";
		};
		8D138E97628C935106C137AE /* Pods */ = {
			isa = PBXGroup;
			children = (
				7388FC7D5D3BDD1B4F13A72A /* Pods-ZHanKaiAndShouQI.debug.xcconfig */,
				C88A6B3021FB8FB5F58F8324 /* Pods-ZHanKaiAndShouQI.release.xcconfig */,
			);
			path = Pods;
			sourceTree = "<group>";
		};
		BA24C6D1BC23728A57DB4B28 /* Frameworks */ = {
			isa = PBXGroup;
			children = (
				2F3516964D7284CD0B16DB7C /* libPods-ZHanKaiAndShouQI.a */,
			);
			name = Frameworks;
			sourceTree = "<group>";
		};
/* End PBXGroup section */

/* Begin PBXNativeTarget section */
		046E8BCD25E1F1AC00505039 /* ZHanKaiAndShouQI */ = {
			isa = PBXNativeTarget;
			buildConfigurationList = 046E8BFD25E1F1AE00505039 /* Build configuration list for PBXNativeTarget "ZHanKaiAndShouQI" */;
			buildPhases = (
				4F9240C2E846788EECE1853B /* [CP] Check Pods Manifest.lock */,
				046E8BCA25E1F1AC00505039 /* Sources */,
				046E8BCB25E1F1AC00505039 /* Frameworks */,
				046E8BCC25E1F1AC00505039 /* Resources */,
			);
			buildRules = (
			);
			dependencies = (
			);
			name = ZHanKaiAndShouQI;
			productName = ZHanKaiAndShouQI;
			productReference = 046E8BCE25E1F1AC00505039 /* ZHanKaiAndShouQI.app */;
			productType = "com.apple.product-type.application";
		};
		046E8BE825E1F1AE00505039 /* ZHanKaiAndShouQITests */ = {
			isa = PBXNativeTarget;
			buildConfigurationList = 046E8C0025E1F1AE00505039 /* Build configuration list for PBXNativeTarget "ZHanKaiAndShouQITests" */;
			buildPhases = (
				046E8BE525E1F1AE00505039 /* Sources */,
				046E8BE625E1F1AE00505039 /* Frameworks */,
				046E8BE725E1F1AE00505039 /* Resources */,
			);
			buildRules = (
			);
			dependencies = (
				046E8BEB25E1F1AE00505039 /* PBXTargetDependency */,
			);
			name = ZHanKaiAndShouQITests;
			productName = ZHanKaiAndShouQITests;
			productReference = 046E8BE925E1F1AE00505039 /* ZHanKaiAndShouQITests.xctest */;
			productType = "com.apple.product-type.bundle.unit-test";
		};
		046E8BF325E1F1AE00505039 /* ZHanKaiAndShouQIUITests */ = {
			isa = PBXNativeTarget;
			buildConfigurationList = 046E8C0325E1F1AE00505039 /* Build configuration list for PBXNativeTarget "ZHanKaiAndShouQIUITests" */;
			buildPhases = (
				046E8BF025E1F1AE00505039 /* Sources */,
				046E8BF125E1F1AE00505039 /* Frameworks */,
				046E8BF225E1F1AE00505039 /* Resources */,
			);
			buildRules = (
			);
			dependencies = (
				046E8BF625E1F1AE00505039 /* PBXTargetDependency */,
			);
			name = ZHanKaiAndShouQIUITests;
			productName = ZHanKaiAndShouQIUITests;
			productReference = 046E8BF425E1F1AE00505039 /* ZHanKaiAndShouQIUITests.xctest */;
			productType = "com.apple.product-type.bundle.ui-testing";
		};
/* End PBXNativeTarget section */

/* Begin PBXProject section */
		046E8BC625E1F1AC00505039 /* Project object */ = {
			isa = PBXProject;
			attributes = {
				LastUpgradeCheck = 1240;
				TargetAttributes = {
					046E8BCD25E1F1AC00505039 = {
						CreatedOnToolsVersion = 12.4;
					};
					046E8BE825E1F1AE00505039 = {
						CreatedOnToolsVersion = 12.4;
						TestTargetID = 046E8BCD25E1F1AC00505039;
					};
					046E8BF325E1F1AE00505039 = {
						CreatedOnToolsVersion = 12.4;
						TestTargetID = 046E8BCD25E1F1AC00505039;
					};
				};
			};
			buildConfigurationList = 046E8BC925E1F1AC00505039 /* Build configuration list for PBXProject "ZHanKaiAndShouQI" */;
			compatibilityVersion = "Xcode 9.3";
			developmentRegion = en;
			hasScannedForEncodings = 0;
			knownRegions = (
				en,
				Base,
			);
			mainGroup = 046E8BC525E1F1AC00505039;
			productRefGroup = 046E8BCF25E1F1AC00505039 /* Products */;
			projectDirPath = "";
			projectRoot = "";
			targets = (
				046E8BCD25E1F1AC00505039 /* ZHanKaiAndShouQI */,
				046E8BE825E1F1AE00505039 /* ZHanKaiAndShouQITests */,
				046E8BF325E1F1AE00505039 /* ZHanKaiAndShouQIUITests */,
			);
		};
/* End PBXProject section */

/* Begin PBXResourcesBuildPhase section */
		046E8BCC25E1F1AC00505039 /* Resources */ = {
			isa = PBXResourcesBuildPhase;
			buildActionMask = 2147483647;
			files = (
				046E8BE125E1F1AE00505039 /* LaunchScreen.storyboard in Resources */,
				04EFCC0225E2CACB0005ACBA /* TestViewController.xib in Resources */,
				046E8BDE25E1F1AE00505039 /* Assets.xcassets in Resources */,
				046E8BDC25E1F1AC00505039 /* Main.storyboard in Resources */,
				04EFCBFA25E2C98A0005ACBA /* TestTableViewController.xib in Resources */,
			);
			runOnlyForDeploymentPostprocessing = 0;
		};
		046E8BE725E1F1AE00505039 /* Resources */ = {
			isa = PBXResourcesBuildPhase;
			buildActionMask = 2147483647;
			files = (
			);
			runOnlyForDeploymentPostprocessing = 0;
		};
		046E8BF225E1F1AE00505039 /* Resources */ = {
			isa = PBXResourcesBuildPhase;
			buildActionMask = 2147483647;
			files = (
			);
			runOnlyForDeploymentPostprocessing = 0;
		};
/* End PBXResourcesBuildPhase section */

/* Begin PBXShellScriptBuildPhase section */
		4F9240C2E846788EECE1853B /* [CP] Check Pods Manifest.lock */ = {
			isa = PBXShellScriptBuildPhase;
			buildActionMask = 2147483647;
			files = (
			);
			inputFileListPaths = (
			);
			inputPaths = (
				"${PODS_PODFILE_DIR_PATH}/Podfile.lock",
				"${PODS_ROOT}/Manifest.lock",
			);
			name = "[CP] Check Pods Manifest.lock";
			outputFileListPaths = (
			);
			outputPaths = (
				"$(DERIVED_FILE_DIR)/Pods-ZHanKaiAndShouQI-checkManifestLockResult.txt",
			);
			runOnlyForDeploymentPostprocessing = 0;
			shellPath = /bin/sh;
			shellScript = "diff \"${PODS_PODFILE_DIR_PATH}/Podfile.lock\" \"${PODS_ROOT}/Manifest.lock\" > /dev/null\nif [ $? != 0 ] ; then\n    # print error to STDERR\n    echo \"error: The sandbox is not in sync with the Podfile.lock. Run 'pod install' or update your CocoaPods installation.\" >&2\n    exit 1\nfi\n# This output is used by Xcode 'outputs' to avoid re-running this script phase.\necho \"SUCCESS\" > \"${SCRIPT_OUTPUT_FILE_0}\"\n";
			showEnvVarsInLog = 0;
		};
/* End PBXShellScriptBuildPhase section */

/* Begin PBXSourcesBuildPhase section */
		046E8BCA25E1F1AC00505039 /* Sources */ = {
			isa = PBXSourcesBuildPhase;
			buildActionMask = 2147483647;
			files = (
				046E8BD925E1F1AC00505039 /* ViewController.m in Sources */,
				046E8BD325E1F1AC00505039 /* AppDelegate.m in Sources */,
				04EFCC0125E2CACB0005ACBA /* TestViewController.m in Sources */,
				0405B86825F74EA000405C27 /* NECourseInfoTextExpendView.m in Sources */,
				046E8BE425E1F1AE00505039 /* main.m in Sources */,
				04EFCBF925E2C98A0005ACBA /* TestTableViewController.m in Sources */,
				046E8BD625E1F1AC00505039 /* SceneDelegate.m in Sources */,
				04EFCBF225E2BDA10005ACBA /* NETextPackAndExpendView.m in Sources */,
			);
			runOnlyForDeploymentPostprocessing = 0;
		};
		046E8BE525E1F1AE00505039 /* Sources */ = {
			isa = PBXSourcesBuildPhase;
			buildActionMask = 2147483647;
			files = (
				046E8BEE25E1F1AE00505039 /* ZHanKaiAndShouQITests.m in Sources */,
			);
			runOnlyForDeploymentPostprocessing = 0;
		};
		046E8BF025E1F1AE00505039 /* Sources */ = {
			isa = PBXSourcesBuildPhase;
			buildActionMask = 2147483647;
			files = (
				046E8BF925E1F1AE00505039 /* ZHanKaiAndShouQIUITests.m in Sources */,
			);
			runOnlyForDeploymentPostprocessing = 0;
		};
/* End PBXSourcesBuildPhase section */

/* Begin PBXTargetDependency section */
		046E8BEB25E1F1AE00505039 /* PBXTargetDependency */ = {
			isa = PBXTargetDependency;
			target = 046E8BCD25E1F1AC00505039 /* ZHanKaiAndShouQI */;
			targetProxy = 046E8BEA25E1F1AE00505039 /* PBXContainerItemProxy */;
		};
		046E8BF625E1F1AE00505039 /* PBXTargetDependency */ = {
			isa = PBXTargetDependency;
			target = 046E8BCD25E1F1AC00505039 /* ZHanKaiAndShouQI */;
			targetProxy = 046E8BF525E1F1AE00505039 /* PBXContainerItemProxy */;
		};
/* End PBXTargetDependency section */

/* Begin PBXVariantGroup section */
		046E8BDA25E1F1AC00505039 /* Main.storyboard */ = {
			isa = PBXVariantGroup;
			children = (
				046E8BDB25E1F1AC00505039 /* Base */,
			);
			name = Main.storyboard;
			sourceTree = "<group>";
		};
		046E8BDF25E1F1AE00505039 /* LaunchScreen.storyboard */ = {
			isa = PBXVariantGroup;
			children = (
				046E8BE025E1F1AE00505039 /* Base */,
			);
			name = LaunchScreen.storyboard;
			sourceTree = "<group>";
		};
/* End PBXVariantGroup section */

/* Begin XCBuildConfiguration section */
		046E8BFB25E1F1AE00505039 /* Debug */ = {
			isa = XCBuildConfiguration;
			buildSettings = {
				ALWAYS_SEARCH_USER_PATHS = NO;
				CLANG_ANALYZER_NONNULL = YES;
				CLANG_ANALYZER_NUMBER_OBJECT_CONVERSION = YES_AGGRESSIVE;
				CLANG_CXX_LANGUAGE_STANDARD = "gnu++14";
				CLANG_CXX_LIBRARY = "libc++";
				CLANG_ENABLE_MODULES = YES;
				CLANG_ENABLE_OBJC_ARC = YES;
				CLANG_ENABLE_OBJC_WEAK = YES;
				CLANG_WARN_BLOCK_CAPTURE_AUTORELEASING = YES;
				CLANG_WARN_BOOL_CONVERSION = YES;
				CLANG_WARN_COMMA = YES;
				CLANG_WARN_CONSTANT_CONVERSION = YES;
				CLANG_WARN_DEPRECATED_OBJC_IMPLEMENTATIONS = YES;
				CLANG_WARN_DIRECT_OBJC_ISA_USAGE = YES_ERROR;
				CLANG_WARN_DOCUMENTATION_COMMENTS = YES;
				CLANG_WARN_EMPTY_BODY = YES;
				CLANG_WARN_ENUM_CONVERSION = YES;
				CLANG_WARN_INFINITE_RECURSION = YES;
				CLANG_WARN_INT_CONVERSION = YES;
				CLANG_WARN_NON_LITERAL_NULL_CONVERSION = YES;
				CLANG_WARN_OBJC_IMPLICIT_RETAIN_SELF = YES;
				CLANG_WARN_OBJC_LITERAL_CONVERSION = YES;
				CLANG_WARN_OBJC_ROOT_CLASS = YES_ERROR;
				CLANG_WARN_QUOTED_INCLUDE_IN_FRAMEWORK_HEADER = YES;
				CLANG_WARN_RANGE_LOOP_ANALYSIS = YES;
				CLANG_WARN_STRICT_PROTOTYPES = YES;
				CLANG_WARN_SUSPICIOUS_MOVE = YES;
				CLANG_WARN_UNGUARDED_AVAILABILITY = YES_AGGRESSIVE;
				CLANG_WARN_UNREACHABLE_CODE = YES;
				CLANG_WARN__DUPLICATE_METHOD_MATCH = YES;
				COPY_PHASE_STRIP = NO;
				DEBUG_INFORMATION_FORMAT = dwarf;
				ENABLE_STRICT_OBJC_MSGSEND = YES;
				ENABLE_TESTABILITY = YES;
				GCC_C_LANGUAGE_STANDARD = gnu11;
				GCC_DYNAMIC_NO_PIC = NO;
				GCC_NO_COMMON_BLOCKS = YES;
				GCC_OPTIMIZATION_LEVEL = 0;
				GCC_PREPROCESSOR_DEFINITIONS = (
					"DEBUG=1",
					"$(inherited)",
				);
				GCC_WARN_64_TO_32_BIT_CONVERSION = YES;
				GCC_WARN_ABOUT_RETURN_TYPE = YES_ERROR;
				GCC_WARN_UNDECLARED_SELECTOR = YES;
				GCC_WARN_UNINITIALIZED_AUTOS = YES_AGGRESSIVE;
				GCC_WARN_UNUSED_FUNCTION = YES;
				GCC_WARN_UNUSED_VARIABLE = YES;
				IPHONEOS_DEPLOYMENT_TARGET = 14.4;
				MTL_ENABLE_DEBUG_INFO = INCLUDE_SOURCE;
				MTL_FAST_MATH = YES;
				ONLY_ACTIVE_ARCH = YES;
				SDKROOT = iphoneos;
			};
			name = Debug;
		};
		046E8BFC25E1F1AE00505039 /* Release */ = {
			isa = XCBuildConfiguration;
			buildSettings = {
				ALWAYS_SEARCH_USER_PATHS = NO;
				CLANG_ANALYZER_NONNULL = YES;
				CLANG_ANALYZER_NUMBER_OBJECT_CONVERSION = YES_AGGRESSIVE;
				CLANG_CXX_LANGUAGE_STANDARD = "gnu++14";
				CLANG_CXX_LIBRARY = "libc++";
				CLANG_ENABLE_MODULES = YES;
				CLANG_ENABLE_OBJC_ARC = YES;
				CLANG_ENABLE_OBJC_WEAK = YES;
				CLANG_WARN_BLOCK_CAPTURE_AUTORELEASING = YES;
				CLANG_WARN_BOOL_CONVERSION = YES;
				CLANG_WARN_COMMA = YES;
				CLANG_WARN_CONSTANT_CONVERSION = YES;
				CLANG_WARN_DEPRECATED_OBJC_IMPLEMENTATIONS = YES;
				CLANG_WARN_DIRECT_OBJC_ISA_USAGE = YES_ERROR;
				CLANG_WARN_DOCUMENTATION_COMMENTS = YES;
				CLANG_WARN_EMPTY_BODY = YES;
				CLANG_WARN_ENUM_CONVERSION = YES;
				CLANG_WARN_INFINITE_RECURSION = YES;
				CLANG_WARN_INT_CONVERSION = YES;
				CLANG_WARN_NON_LITERAL_NULL_CONVERSION = YES;
				CLANG_WARN_OBJC_IMPLICIT_RETAIN_SELF = YES;
				CLANG_WARN_OBJC_LITERAL_CONVERSION = YES;
				CLANG_WARN_OBJC_ROOT_CLASS = YES_ERROR;
				CLANG_WARN_QUOTED_INCLUDE_IN_FRAMEWORK_HEADER = YES;
				CLANG_WARN_RANGE_LOOP_ANALYSIS = YES;
				CLANG_WARN_STRICT_PROTOTYPES = YES;
				CLANG_WARN_SUSPICIOUS_MOVE = YES;
				CLANG_WARN_UNGUARDED_AVAILABILITY = YES_AGGRESSIVE;
				CLANG_WARN_UNREACHABLE_CODE = YES;
				CLANG_WARN__DUPLICATE_METHOD_MATCH = YES;
				COPY_PHASE_STRIP = NO;
				DEBUG_INFORMATION_FORMAT = "dwarf-with-dsym";
				ENABLE_NS_ASSERTIONS = NO;
				ENABLE_STRICT_OBJC_MSGSEND = YES;
				GCC_C_LANGUAGE_STANDARD = gnu11;
				GCC_NO_COMMON_BLOCKS = YES;
				GCC_WARN_64_TO_32_BIT_CONVERSION = YES;
				GCC_WARN_ABOUT_RETURN_TYPE = YES_ERROR;
				GCC_WARN_UNDECLARED_SELECTOR = YES;
				GCC_WARN_UNINITIALIZED_AUTOS = YES_AGGRESSIVE;
				GCC_WARN_UNUSED_FUNCTION = YES;
				GCC_WARN_UNUSED_VARIABLE = YES;
				IPHONEOS_DEPLOYMENT_TARGET = 14.4;
				MTL_ENABLE_DEBUG_INFO = NO;
				MTL_FAST_MATH = YES;
				SDKROOT = iphoneos;
				VALIDATE_PRODUCT = YES;
			};
			name = Release;
		};
		046E8BFE25E1F1AE00505039 /* Debug */ = {
			isa = XCBuildConfiguration;
			baseConfigurationReference = 7388FC7D5D3BDD1B4F13A72A /* Pods-ZHanKaiAndShouQI.debug.xcconfig */;
			buildSettings = {
				ASSETCATALOG_COMPILER_APPICON_NAME = AppIcon;
				ASSETCATALOG_COMPILER_GLOBAL_ACCENT_COLOR_NAME = AccentColor;
				CODE_SIGN_STYLE = Automatic;
				INFOPLIST_FILE = ZHanKaiAndShouQI/Info.plist;
				LD_RUNPATH_SEARCH_PATHS = (
					"$(inherited)",
					"@executable_path/Frameworks",
				);
				PRODUCT_BUNDLE_IDENTIFIER = "----.ZHanKaiAndShouQI";
				PRODUCT_NAME = "$(TARGET_NAME)";
				TARGETED_DEVICE_FAMILY = "1,2";
			};
			name = Debug;
		};
		046E8BFF25E1F1AE00505039 /* Release */ = {
			isa = XCBuildConfiguration;
			baseConfigurationReference = C88A6B3021FB8FB5F58F8324 /* Pods-ZHanKaiAndShouQI.release.xcconfig */;
			buildSettings = {
				ASSETCATALOG_COMPILER_APPICON_NAME = AppIcon;
				ASSETCATALOG_COMPILER_GLOBAL_ACCENT_COLOR_NAME = AccentColor;
				CODE_SIGN_STYLE = Automatic;
				INFOPLIST_FILE = ZHanKaiAndShouQI/Info.plist;
				LD_RUNPATH_SEARCH_PATHS = (
					"$(inherited)",
					"@executable_path/Frameworks",
				);
				PRODUCT_BUNDLE_IDENTIFIER = "----.ZHanKaiAndShouQI";
				PRODUCT_NAME = "$(TARGET_NAME)";
				TARGETED_DEVICE_FAMILY = "1,2";
			};
			name = Release;
		};
		046E8C0125E1F1AE00505039 /* Debug */ = {
			isa = XCBuildConfiguration;
			buildSettings = {
				BUNDLE_LOADER = "$(TEST_HOST)";
				CODE_SIGN_STYLE = Automatic;
				INFOPLIST_FILE = ZHanKaiAndShouQITests/Info.plist;
				IPHONEOS_DEPLOYMENT_TARGET = 14.4;
				LD_RUNPATH_SEARCH_PATHS = (
					"$(inherited)",
					"@executable_path/Frameworks",
					"@loader_path/Frameworks",
				);
				PRODUCT_BUNDLE_IDENTIFIER = "----.ZHanKaiAndShouQITests";
				PRODUCT_NAME = "$(TARGET_NAME)";
				TARGETED_DEVICE_FAMILY = "1,2";
				TEST_HOST = "$(BUILT_PRODUCTS_DIR)/ZHanKaiAndShouQI.app/ZHanKaiAndShouQI";
			};
			name = Debug;
		};
		046E8C0225E1F1AE00505039 /* Release */ = {
			isa = XCBuildConfiguration;
			buildSettings = {
				BUNDLE_LOADER = "$(TEST_HOST)";
				CODE_SIGN_STYLE = Automatic;
				INFOPLIST_FILE = ZHanKaiAndShouQITests/Info.plist;
				IPHONEOS_DEPLOYMENT_TARGET = 14.4;
				LD_RUNPATH_SEARCH_PATHS = (
					"$(inherited)",
					"@executable_path/Frameworks",
					"@loader_path/Frameworks",
				);
				PRODUCT_BUNDLE_IDENTIFIER = "----.ZHanKaiAndShouQITests";
				PRODUCT_NAME = "$(TARGET_NAME)";
				TARGETED_DEVICE_FAMILY = "1,2";
				TEST_HOST = "$(BUILT_PRODUCTS_DIR)/ZHanKaiAndShouQI.app/ZHanKaiAndShouQI";
			};
			name = Release;
		};
		046E8C0425E1F1AE00505039 /* Debug */ = {
			isa = XCBuildConfiguration;
			buildSettings = {
				CODE_SIGN_STYLE = Automatic;
				INFOPLIST_FILE = ZHanKaiAndShouQIUITests/Info.plist;
				LD_RUNPATH_SEARCH_PATHS = (
					"$(inherited)",
					"@executable_path/Frameworks",
					"@loader_path/Frameworks",
				);
				PRODUCT_BUNDLE_IDENTIFIER = "----.ZHanKaiAndShouQIUITests";
				PRODUCT_NAME = "$(TARGET_NAME)";
				TARGETED_DEVICE_FAMILY = "1,2";
				TEST_TARGET_NAME = ZHanKaiAndShouQI;
			};
			name = Debug;
		};
		046E8C0525E1F1AE00505039 /* Release */ = {
			isa = XCBuildConfiguration;
			buildSettings = {
				CODE_SIGN_STYLE = Automatic;
				INFOPLIST_FILE = ZHanKaiAndShouQIUITests/Info.plist;
				LD_RUNPATH_SEARCH_PATHS = (
					"$(inherited)",
					"@executable_path/Frameworks",
					"@loader_path/Frameworks",
				);
				PRODUCT_BUNDLE_IDENTIFIER = "----.ZHanKaiAndShouQIUITests";
				PRODUCT_NAME = "$(TARGET_NAME)";
				TARGETED_DEVICE_FAMILY = "1,2";
				TEST_TARGET_NAME = ZHanKaiAndShouQI;
			};
			name = Release;
		};
/* End XCBuildConfiguration section */

/* Begin XCConfigurationList section */
		046E8BC925E1F1AC00505039 /* Build configuration list for PBXProject "ZHanKaiAndShouQI" */ = {
			isa = XCConfigurationList;
			buildConfigurations = (
				046E8BFB25E1F1AE00505039 /* Debug */,
				046E8BFC25E1F1AE00505039 /* Release */,
			);
			defaultConfigurationIsVisible = 0;
			defaultConfigurationName = Release;
		};
		046E8BFD25E1F1AE00505039 /* Build configuration list for PBXNativeTarget "ZHanKaiAndShouQI" */ = {
			isa = XCConfigurationList;
			buildConfigurations = (
				046E8BFE25E1F1AE00505039 /* Debug */,
				046E8BFF25E1F1AE00505039 /* Release */,
			);
			defaultConfigurationIsVisible = 0;
			defaultConfigurationName = Release;
		};
		046E8C0025E1F1AE00505039 /* Build configuration list for PBXNativeTarget "ZHanKaiAndShouQITests" */ = {
			isa = XCConfigurationList;
			buildConfigurations = (
				046E8C0125E1F1AE00505039 /* Debug */,
				046E8C0225E1F1AE00505039 /* Release */,
			);
			defaultConfigurationIsVisible = 0;
			defaultConfigurationName = Release;
		};
		046E8C0325E1F1AE00505039 /* Build configuration list for PBXNativeTarget "ZHanKaiAndShouQIUITests" */ = {
			isa = XCConfigurationList;
			buildConfigurations = (
				046E8C0425E1F1AE00505039 /* Debug */,
				046E8C0525E1F1AE00505039 /* Release */,
			);
			defaultConfigurationIsVisible = 0;
			defaultConfigurationName = Release;
		};
/* End XCConfigurationList section */
	};
	rootObject = 046E8BC625E1F1AC00505039 /* Project object */;
}
